// !$*UTF8*$!
{
	archiveVersion = 1;
	classes = {
	};
	objectVersion = 56;
	objects = {

/* Begin PBXBuildFile section */
		1131347F2B017C7300AC0B99 /* BoraCodaLoginApp.swift in Sources */ = {isa = PBXBuildFile; fileRef = 1131347E2B017C7300AC0B99 /* BoraCodaLoginApp.swift */; };
		113134812B017C7300AC0B99 /* ContentView.swift in Sources */ = {isa = PBXBuildFile; fileRef = 113134802B017C7300AC0B99 /* ContentView.swift */; };
		113134832B017C7500AC0B99 /* Assets.xcassets in Resources */ = {isa = PBXBuildFile; fileRef = 113134822B017C7500AC0B99 /* Assets.xcassets */; };
		113134862B017C7500AC0B99 /* Preview Assets.xcassets in Resources */ = {isa = PBXBuildFile; fileRef = 113134852B017C7500AC0B99 /* Preview Assets.xcassets */; };
		113134902B017C7500AC0B99 /* BoraCodaLoginTests.swift in Sources */ = {isa = PBXBuildFile; fileRef = 1131348F2B017C7500AC0B99 /* BoraCodaLoginTests.swift */; };
		1131349A2B017C7500AC0B99 /* BoraCodaLoginUITests.swift in Sources */ = {isa = PBXBuildFile; fileRef = 113134992B017C7500AC0B99 /* BoraCodaLoginUITests.swift */; };
		1131349C2B017C7500AC0B99 /* BoraCodaLoginUITestsLaunchTests.swift in Sources */ = {isa = PBXBuildFile; fileRef = 1131349B2B017C7500AC0B99 /* BoraCodaLoginUITestsLaunchTests.swift */; };
/* End PBXBuildFile section */

/* Begin PBXContainerItemProxy section */
		1131348C2B017C7500AC0B99 /* PBXContainerItemProxy */ = {
			isa = PBXContainerItemProxy;
			containerPortal = 113134732B017C7200AC0B99 /* Project object */;
			proxyType = 1;
			remoteGlobalIDString = 1131347A2B017C7300AC0B99;
			remoteInfo = BoraCodaLogin;
		};
		113134962B017C7500AC0B99 /* PBXContainerItemProxy */ = {
			isa = PBXContainerItemProxy;
			containerPortal = 113134732B017C7200AC0B99 /* Project object */;
			proxyType = 1;
			remoteGlobalIDString = 1131347A2B017C7300AC0B99;
			remoteInfo = BoraCodaLogin;
		};
/* End PBXContainerItemProxy section */

/* Begin PBXFileReference section */
		1131347B2B017C7300AC0B99 /* BoraCodaLogin.app */ = {isa = PBXFileReference; explicitFileType = wrapper.application; includeInIndex = 0; path = BoraCodaLogin.app; sourceTree = BUILT_PRODUCTS_DIR; };
		1131347E2B017C7300AC0B99 /* BoraCodaLoginApp.swift */ = {isa = PBXFileReference; lastKnownFileType = sourcecode.swift; path = BoraCodaLoginApp.swift; sourceTree = "<group>"; };
		113134802B017C7300AC0B99 /* ContentView.swift */ = {isa = PBXFileReference; lastKnownFileType = sourcecode.swift; path = ContentView.swift; sourceTree = "<group>"; };
		113134822B017C7500AC0B99 /* Assets.xcassets */ = {isa = PBXFileReference; lastKnownFileType = folder.assetcatalog; path = Assets.xcassets; sourceTree = "<group>"; };
		113134852B017C7500AC0B99 /* Preview Assets.xcassets */ = {isa = PBXFileReference; lastKnownFileType = folder.assetcatalog; path = "Preview Assets.xcassets"; sourceTree = "<group>"; };
		1131348B2B017C7500AC0B99 /* BoraCodaLoginTests.xctest */ = {isa = PBXFileReference; explicitFileType = wrapper.cfbundle; includeInIndex = 0; path = BoraCodaLoginTests.xctest; sourceTree = BUILT_PRODUCTS_DIR; };
		1131348F2B017C7500AC0B99 /* BoraCodaLoginTests.swift */ = {isa = PBXFileReference; lastKnownFileType = sourcecode.swift; path = BoraCodaLoginTests.swift; sourceTree = "<group>"; };
		113134952B017C7500AC0B99 /* BoraCodaLoginUITests.xctest */ = {isa = PBXFileReference; explicitFileType = wrapper.cfbundle; includeInIndex = 0; path = BoraCodaLoginUITests.xctest; sourceTree = BUILT_PRODUCTS_DIR; };
		113134992B017C7500AC0B99 /* BoraCodaLoginUITests.swift */ = {isa = PBXFileReference; lastKnownFileType = sourcecode.swift; path = BoraCodaLoginUITests.swift; sourceTree = "<group>"; };
		1131349B2B017C7500AC0B99 /* BoraCodaLoginUITestsLaunchTests.swift */ = {isa = PBXFileReference; lastKnownFileType = sourcecode.swift; path = BoraCodaLoginUITestsLaunchTests.swift; sourceTree = "<group>"; };
/* End PBXFileReference section */

/* Begin PBXFrameworksBuildPhase section */
		113134782B017C7300AC0B99 /* Frameworks */ = {
			isa = PBXFrameworksBuildPhase;
			buildActionMask = 2147483647;
			files = (
			);
			runOnlyForDeploymentPostprocessing = 0;
		};
		113134882B017C7500AC0B99 /* Frameworks */ = {
			isa = PBXFrameworksBuildPhase;
			buildActionMask = 2147483647;
			files = (
			);
			runOnlyForDeploymentPostprocessing = 0;
		};
		113134922B017C7500AC0B99 /* Frameworks */ = {
			isa = PBXFrameworksBuildPhase;
			buildActionMask = 2147483647;
			files = (
			);
			runOnlyForDeploymentPostprocessing = 0;
		};
/* End PBXFrameworksBuildPhase section */

/* Begin PBXGroup section */
		113134722B017C7200AC0B99 = {
			isa = PBXGroup;
			children = (
				1131347D2B017C7300AC0B99 /* BoraCodaLogin */,
				1131348E2B017C7500AC0B99 /* BoraCodaLoginTests */,
				113134982B017C7500AC0B99 /* BoraCodaLoginUITests */,
				1131347C2B017C7300AC0B99 /* Products */,
			);
			sourceTree = "<group>";
		};
		1131347C2B017C7300AC0B99 /* Products */ = {
			isa = PBXGroup;
			children = (
				1131347B2B017C7300AC0B99 /* BoraCodaLogin.app */,
				1131348B2B017C7500AC0B99 /* BoraCodaLoginTests.xctest */,
				113134952B017C7500AC0B99 /* BoraCodaLoginUITests.xctest */,
			);
			name = Products;
			sourceTree = "<group>";
		};
		1131347D2B017C7300AC0B99 /* BoraCodaLogin */ = {
			isa = PBXGroup;
			children = (
				1131347E2B017C7300AC0B99 /* BoraCodaLoginApp.swift */,
				113134802B017C7300AC0B99 /* ContentView.swift */,
				113134822B017C7500AC0B99 /* Assets.xcassets */,
				113134842B017C7500AC0B99 /* Preview Content */,
			);
			path = BoraCodaLogin;
			sourceTree = "<group>";
		};
		113134842B017C7500AC0B99 /* Preview Content */ = {
			isa = PBXGroup;
			children = (
				113134852B017C7500AC0B99 /* Preview Assets.xcassets */,
			);
			path = "Preview Content";
			sourceTree = "<group>";
		};
		1131348E2B017C7500AC0B99 /* BoraCodaLoginTests */ = {
			isa = PBXGroup;
			children = (
				1131348F2B017C7500AC0B99 /* BoraCodaLoginTests.swift */,
			);
			path = BoraCodaLoginTests;
			sourceTree = "<group>";
		};
		113134982B017C7500AC0B99 /* BoraCodaLoginUITests */ = {
			isa = PBXGroup;
			children = (
				113134992B017C7500AC0B99 /* BoraCodaLoginUITests.swift */,
				1131349B2B017C7500AC0B99 /* BoraCodaLoginUITestsLaunchTests.swift */,
			);
			path = BoraCodaLoginUITests;
			sourceTree = "<group>";
		};
/* End PBXGroup section */

/* Begin PBXNativeTarget section */
		1131347A2B017C7300AC0B99 /* BoraCodaLogin */ = {
			isa = PBXNativeTarget;
			buildConfigurationList = 1131349F2B017C7500AC0B99 /* Build configuration list for PBXNativeTarget "BoraCodaLogin" */;
			buildPhases = (
				113134772B017C7300AC0B99 /* Sources */,
				113134782B017C7300AC0B99 /* Frameworks */,
				113134792B017C7300AC0B99 /* Resources */,
			);
			buildRules = (
			);
			dependencies = (
			);
			name = BoraCodaLogin;
			productName = BoraCodaLogin;
			productReference = 1131347B2B017C7300AC0B99 /* BoraCodaLogin.app */;
			productType = "com.apple.product-type.application";
		};
		1131348A2B017C7500AC0B99 /* BoraCodaLoginTests */ = {
			isa = PBXNativeTarget;
			buildConfigurationList = 113134A22B017C7500AC0B99 /* Build configuration list for PBXNativeTarget "BoraCodaLoginTests" */;
			buildPhases = (
				113134872B017C7500AC0B99 /* Sources */,
				113134882B017C7500AC0B99 /* Frameworks */,
				113134892B017C7500AC0B99 /* Resources */,
			);
			buildRules = (
			);
			dependencies = (
				1131348D2B017C7500AC0B99 /* PBXTargetDependency */,
			);
			name = BoraCodaLoginTests;
			productName = BoraCodaLoginTests;
			productReference = 1131348B2B017C7500AC0B99 /* BoraCodaLoginTests.xctest */;
			productType = "com.apple.product-type.bundle.unit-test";
		};
		113134942B017C7500AC0B99 /* BoraCodaLoginUITests */ = {
			isa = PBXNativeTarget;
			buildConfigurationList = 113134A52B017C7500AC0B99 /* Build configuration list for PBXNativeTarget "BoraCodaLoginUITests" */;
			buildPhases = (
				113134912B017C7500AC0B99 /* Sources */,
				113134922B017C7500AC0B99 /* Frameworks */,
				113134932B017C7500AC0B99 /* Resources */,
			);
			buildRules = (
			);
			dependencies = (
				113134972B017C7500AC0B99 /* PBXTargetDependency */,
			);
			name = BoraCodaLoginUITests;
			productName = BoraCodaLoginUITests;
			productReference = 113134952B017C7500AC0B99 /* BoraCodaLoginUITests.xctest */;
			productType = "com.apple.product-type.bundle.ui-testing";
		};
/* End PBXNativeTarget section */

/* Begin PBXProject section */
		113134732B017C7200AC0B99 /* Project object */ = {
			isa = PBXProject;
			attributes = {
				BuildIndependentTargetsInParallel = 1;
				LastSwiftUpdateCheck = 1500;
				LastUpgradeCheck = 1500;
				TargetAttributes = {
					1131347A2B017C7300AC0B99 = {
						CreatedOnToolsVersion = 15.0.1;
					};
					1131348A2B017C7500AC0B99 = {
						CreatedOnToolsVersion = 15.0.1;
						TestTargetID = 1131347A2B017C7300AC0B99;
					};
					113134942B017C7500AC0B99 = {
						CreatedOnToolsVersion = 15.0.1;
						TestTargetID = 1131347A2B017C7300AC0B99;
					};
				};
			};
			buildConfigurationList = 113134762B017C7200AC0B99 /* Build configuration list for PBXProject "BoraCodaLogin" */;
			compatibilityVersion = "Xcode 14.0";
			developmentRegion = en;
			hasScannedForEncodings = 0;
			knownRegions = (
				en,
				Base,
			);
			mainGroup = 113134722B017C7200AC0B99;
			productRefGroup = 1131347C2B017C7300AC0B99 /* Products */;
			projectDirPath = "";
			projectRoot = "";
			targets = (
				1131347A2B017C7300AC0B99 /* BoraCodaLogin */,
				1131348A2B017C7500AC0B99 /* BoraCodaLoginTests */,
				113134942B017C7500AC0B99 /* BoraCodaLoginUITests */,
			);
		};
/* End PBXProject section */

/* Begin PBXResourcesBuildPhase section */
		113134792B017C7300AC0B99 /* Resources */ = {
			isa = PBXResourcesBuildPhase;
			buildActionMask = 2147483647;
			files = (
				113134862B017C7500AC0B99 /* Preview Assets.xcassets in Resources */,
				113134832B017C7500AC0B99 /* Assets.xcassets in Resources */,
			);
			runOnlyForDeploymentPostprocessing = 0;
		};
		113134892B017C7500AC0B99 /* Resources */ = {
			isa = PBXResourcesBuildPhase;
			buildActionMask = 2147483647;
			files = (
			);
			runOnlyForDeploymentPostprocessing = 0;
		};
		113134932B017C7500AC0B99 /* Resources */ = {
			isa = PBXResourcesBuildPhase;
			buildActionMask = 2147483647;
			files = (
			);
			runOnlyForDeploymentPostprocessing = 0;
		};
/* End PBXResourcesBuildPhase section */

/* Begin PBXSourcesBuildPhase section */
		113134772B017C7300AC0B99 /* Sources */ = {
			isa = PBXSourcesBuildPhase;
			buildActionMask = 2147483647;
			files = (
				113134812B017C7300AC0B99 /* ContentView.swift in Sources */,
				1131347F2B017C7300AC0B99 /* BoraCodaLoginApp.swift in Sources */,
			);
			runOnlyForDeploymentPostprocessing = 0;
		};
		113134872B017C7500AC0B99 /* Sources */ = {
			isa = PBXSourcesBuildPhase;
			buildActionMask = 2147483647;
			files = (
				113134902B017C7500AC0B99 /* BoraCodaLoginTests.swift in Sources */,
			);
			runOnlyForDeploymentPostprocessing = 0;
		};
		113134912B017C7500AC0B99 /* Sources */ = {
			isa = PBXSourcesBuildPhase;
			buildActionMask = 2147483647;
			files = (
				1131349A2B017C7500AC0B99 /* BoraCodaLoginUITests.swift in Sources */,
				1131349C2B017C7500AC0B99 /* BoraCodaLoginUITestsLaunchTests.swift in Sources */,
			);
			runOnlyForDeploymentPostprocessing = 0;
		};
/* End PBXSourcesBuildPhase section */

/* Begin PBXTargetDependency section */
		1131348D2B017C7500AC0B99 /* PBXTargetDependency */ = {
			isa = PBXTargetDependency;
			target = 1131347A2B017C7300AC0B99 /* BoraCodaLogin */;
			targetProxy = 1131348C2B017C7500AC0B99 /* PBXContainerItemProxy */;
		};
		113134972B017C7500AC0B99 /* PBXTargetDependency */ = {
			isa = PBXTargetDependency;
			target = 1131347A2B017C7300AC0B99 /* BoraCodaLogin */;
			targetProxy = 113134962B017C7500AC0B99 /* PBXContainerItemProxy */;
		};
/* End PBXTargetDependency section */

/* Begin XCBuildConfiguration section */
		1131349D2B017C7500AC0B99 /* Debug */ = {
			isa = XCBuildConfiguration;
			buildSettings = {
				ALWAYS_SEARCH_USER_PATHS = NO;
				ASSETCATALOG_COMPILER_GENERATE_SWIFT_ASSET_SYMBOL_EXTENSIONS = YES;
				CLANG_ANALYZER_NONNULL = YES;
				CLANG_ANALYZER_NUMBER_OBJECT_CONVERSION = YES_AGGRESSIVE;
				CLANG_CXX_LANGUAGE_STANDARD = "gnu++20";
				CLANG_ENABLE_MODULES = YES;
				CLANG_ENABLE_OBJC_ARC = YES;
				CLANG_ENABLE_OBJC_WEAK = YES;
				CLANG_WARN_BLOCK_CAPTURE_AUTORELEASING = YES;
				CLANG_WARN_BOOL_CONVERSION = YES;
				CLANG_WARN_COMMA = YES;
				CLANG_WARN_CONSTANT_CONVERSION = YES;
				CLANG_WARN_DEPRECATED_OBJC_IMPLEMENTATIONS = YES;
				CLANG_WARN_DIRECT_OBJC_ISA_USAGE = YES_ERROR;
				CLANG_WARN_DOCUMENTATION_COMMENTS = YES;
				CLANG_WARN_EMPTY_BODY = YES;
				CLANG_WARN_ENUM_CONVERSION = YES;
				CLANG_WARN_INFINITE_RECURSION = YES;
				CLANG_WARN_INT_CONVERSION = YES;
				CLANG_WARN_NON_LITERAL_NULL_CONVERSION = YES;
				CLANG_WARN_OBJC_IMPLICIT_RETAIN_SELF = YES;
				CLANG_WARN_OBJC_LITERAL_CONVERSION = YES;
				CLANG_WARN_OBJC_ROOT_CLASS = YES_ERROR;
				CLANG_WARN_QUOTED_INCLUDE_IN_FRAMEWORK_HEADER = YES;
				CLANG_WARN_RANGE_LOOP_ANALYSIS = YES;
				CLANG_WARN_STRICT_PROTOTYPES = YES;
				CLANG_WARN_SUSPICIOUS_MOVE = YES;
				CLANG_WARN_UNGUARDED_AVAILABILITY = YES_AGGRESSIVE;
				CLANG_WARN_UNREACHABLE_CODE = YES;
				CLANG_WARN__DUPLICATE_METHOD_MATCH = YES;
				COPY_PHASE_STRIP = NO;
				DEBUG_INFORMATION_FORMAT = dwarf;
				ENABLE_STRICT_OBJC_MSGSEND = YES;
				ENABLE_TESTABILITY = YES;
				ENABLE_USER_SCRIPT_SANDBOXING = YES;
				GCC_C_LANGUAGE_STANDARD = gnu17;
				GCC_DYNAMIC_NO_PIC = NO;
				GCC_NO_COMMON_BLOCKS = YES;
				GCC_OPTIMIZATION_LEVEL = 0;
				GCC_PREPROCESSOR_DEFINITIONS = (
					"DEBUG=1",
					"$(inherited)",
				);
				GCC_WARN_64_TO_32_BIT_CONVERSION = YES;
				GCC_WARN_ABOUT_RETURN_TYPE = YES_ERROR;
				GCC_WARN_UNDECLARED_SELECTOR = YES;
				GCC_WARN_UNINITIALIZED_AUTOS = YES_AGGRESSIVE;
				GCC_WARN_UNUSED_FUNCTION = YES;
				GCC_WARN_UNUSED_VARIABLE = YES;
				IPHONEOS_DEPLOYMENT_TARGET = 17.0;
				LOCALIZATION_PREFERS_STRING_CATALOGS = YES;
				MTL_ENABLE_DEBUG_INFO = INCLUDE_SOURCE;
				MTL_FAST_MATH = YES;
				ONLY_ACTIVE_ARCH = YES;
				SDKROOT = iphoneos;
				SWIFT_ACTIVE_COMPILATION_CONDITIONS = "DEBUG $(inherited)";
				SWIFT_OPTIMIZATION_LEVEL = "-Onone";
			};
			name = Debug;
		};
		1131349E2B017C7500AC0B99 /* Release */ = {
			isa = XCBuildConfiguration;
			buildSettings = {
				ALWAYS_SEARCH_USER_PATHS = NO;
				ASSETCATALOG_COMPILER_GENERATE_SWIFT_ASSET_SYMBOL_EXTENSIONS = YES;
				CLANG_ANALYZER_NONNULL = YES;
				CLANG_ANALYZER_NUMBER_OBJECT_CONVERSION = YES_AGGRESSIVE;
				CLANG_CXX_LANGUAGE_STANDARD = "gnu++20";
				CLANG_ENABLE_MODULES = YES;
				CLANG_ENABLE_OBJC_ARC = YES;
				CLANG_ENABLE_OBJC_WEAK = YES;
				CLANG_WARN_BLOCK_CAPTURE_AUTORELEASING = YES;
				CLANG_WARN_BOOL_CONVERSION = YES;
				CLANG_WARN_COMMA = YES;
				CLANG_WARN_CONSTANT_CONVERSION = YES;
				CLANG_WARN_DEPRECATED_OBJC_IMPLEMENTATIONS = YES;
				CLANG_WARN_DIRECT_OBJC_ISA_USAGE = YES_ERROR;
				CLANG_WARN_DOCUMENTATION_COMMENTS = YES;
				CLANG_WARN_EMPTY_BODY = YES;
				CLANG_WARN_ENUM_CONVERSION = YES;
				CLANG_WARN_INFINITE_RECURSION = YES;
				CLANG_WARN_INT_CONVERSION = YES;
				CLANG_WARN_NON_LITERAL_NULL_CONVERSION = YES;
				CLANG_WARN_OBJC_IMPLICIT_RETAIN_SELF = YES;
				CLANG_WARN_OBJC_LITERAL_CONVERSION = YES;
				CLANG_WARN_OBJC_ROOT_CLASS = YES_ERROR;
				CLANG_WARN_QUOTED_INCLUDE_IN_FRAMEWORK_HEADER = YES;
				CLANG_WARN_RANGE_LOOP_ANALYSIS = YES;
				CLANG_WARN_STRICT_PROTOTYPES = YES;
				CLANG_WARN_SUSPICIOUS_MOVE = YES;
				CLANG_WARN_UNGUARDED_AVAILABILITY = YES_AGGRESSIVE;
				CLANG_WARN_UNREACHABLE_CODE = YES;
				CLANG_WARN__DUPLICATE_METHOD_MATCH = YES;
				COPY_PHASE_STRIP = NO;
				DEBUG_INFORMATION_FORMAT = "dwarf-with-dsym";
				ENABLE_NS_ASSERTIONS = NO;
				ENABLE_STRICT_OBJC_MSGSEND = YES;
				ENABLE_USER_SCRIPT_SANDBOXING = YES;
				GCC_C_LANGUAGE_STANDARD = gnu17;
				GCC_NO_COMMON_BLOCKS = YES;
				GCC_WARN_64_TO_32_BIT_CONVERSION = YES;
				GCC_WARN_ABOUT_RETURN_TYPE = YES_ERROR;
				GCC_WARN_UNDECLARED_SELECTOR = YES;
				GCC_WARN_UNINITIALIZED_AUTOS = YES_AGGRESSIVE;
				GCC_WARN_UNUSED_FUNCTION = YES;
				GCC_WARN_UNUSED_VARIABLE = YES;
				IPHONEOS_DEPLOYMENT_TARGET = 17.0;
				LOCALIZATION_PREFERS_STRING_CATALOGS = YES;
				MTL_ENABLE_DEBUG_INFO = NO;
				MTL_FAST_MATH = YES;
				SDKROOT = iphoneos;
				SWIFT_COMPILATION_MODE = wholemodule;
				VALIDATE_PRODUCT = YES;
			};
			name = Release;
		};
		113134A02B017C7500AC0B99 /* Debug */ = {
			isa = XCBuildConfiguration;
			buildSettings = {
				ASSETCATALOG_COMPILER_APPICON_NAME = AppIcon;
				ASSETCATALOG_COMPILER_GLOBAL_ACCENT_COLOR_NAME = AccentColor;
				CODE_SIGN_STYLE = Automatic;
				CURRENT_PROJECT_VERSION = 1;
				DEVELOPMENT_ASSET_PATHS = "\"BoraCodaLogin/Preview Content\"";
				ENABLE_PREVIEWS = YES;
				GENERATE_INFOPLIST_FILE = YES;
				INFOPLIST_KEY_UIApplicationSceneManifest_Generation = YES;
				INFOPLIST_KEY_UIApplicationSupportsIndirectInputEvents = YES;
				INFOPLIST_KEY_UILaunchScreen_Generation = YES;
				INFOPLIST_KEY_UISupportedInterfaceOrientations_iPad = "UIInterfaceOrientationPortrait UIInterfaceOrientationPortraitUpsideDown UIInterfaceOrientationLandscapeLeft UIInterfaceOrientationLandscapeRight";
				INFOPLIST_KEY_UISupportedInterfaceOrientations_iPhone = "UIInterfaceOrientationPortrait UIInterfaceOrientationLandscapeLeft UIInterfaceOrientationLandscapeRight";
				LD_RUNPATH_SEARCH_PATHS = (
					"$(inherited)",
					"@executable_path/Frameworks",
				);
				MARKETING_VERSION = 1.0;
				PRODUCT_BUNDLE_IDENTIFIER = com.felipe.BoraCodaLogin;
				PRODUCT_NAME = "$(TARGET_NAME)";
				SWIFT_EMIT_LOC_STRINGS = YES;
				SWIFT_VERSION = 5.0;
				TARGETED_DEVICE_FAMILY = "1,2";
			};
			name = Debug;
		};
		113134A12B017C7500AC0B99 /* Release */ = {
			isa = XCBuildConfiguration;
			buildSettings = {
				ASSETCATALOG_COMPILER_APPICON_NAME = AppIcon;
				ASSETCATALOG_COMPILER_GLOBAL_ACCENT_COLOR_NAME = AccentColor;
				CODE_SIGN_STYLE = Automatic;
				CURRENT_PROJECT_VERSION = 1;
				DEVELOPMENT_ASSET_PATHS = "\"BoraCodaLogin/Preview Content\"";
				ENABLE_PREVIEWS = YES;
				GENERATE_INFOPLIST_FILE = YES;
				INFOPLIST_KEY_UIApplicationSceneManifest_Generation = YES;
				INFOPLIST_KEY_UIApplicationSupportsIndirectInputEvents = YES;
				INFOPLIST_KEY_UILaunchScreen_Generation = YES;
				INFOPLIST_KEY_UISupportedInterfaceOrientations_iPad = "UIInterfaceOrientationPortrait UIInterfaceOrientationPortraitUpsideDown UIInterfaceOrientationLandscapeLeft UIInterfaceOrientationLandscapeRight";
				INFOPLIST_KEY_UISupportedInterfaceOrientations_iPhone = "UIInterfaceOrientationPortrait UIInterfaceOrientationLandscapeLeft UIInterfaceOrientationLandscapeRight";
				LD_RUNPATH_SEARCH_PATHS = (
					"$(inherited)",
					"@executable_path/Frameworks",
				);
				MARKETING_VERSION = 1.0;
				PRODUCT_BUNDLE_IDENTIFIER = com.felipe.BoraCodaLogin;
				PRODUCT_NAME = "$(TARGET_NAME)";
				SWIFT_EMIT_LOC_STRINGS = YES;
				SWIFT_VERSION = 5.0;
				TARGETED_DEVICE_FAMILY = "1,2";
			};
			name = Release;
		};
		113134A32B017C7500AC0B99 /* Debug */ = {
			isa = XCBuildConfiguration;
			buildSettings = {
				ALWAYS_EMBED_SWIFT_STANDARD_LIBRARIES = YES;
				BUNDLE_LOADER = "$(TEST_HOST)";
				CODE_SIGN_STYLE = Automatic;
				CURRENT_PROJECT_VERSION = 1;
				GENERATE_INFOPLIST_FILE = YES;
				IPHONEOS_DEPLOYMENT_TARGET = 17.0;
				MARKETING_VERSION = 1.0;
				PRODUCT_BUNDLE_IDENTIFIER = com.felipe.BoraCodaLoginTests;
				PRODUCT_NAME = "$(TARGET_NAME)";
				SWIFT_EMIT_LOC_STRINGS = NO;
				SWIFT_VERSION = 5.0;
				TARGETED_DEVICE_FAMILY = "1,2";
				TEST_HOST = "$(BUILT_PRODUCTS_DIR)/BoraCodaLogin.app/$(BUNDLE_EXECUTABLE_FOLDER_PATH)/BoraCodaLogin";
			};
			name = Debug;
		};
		113134A42B017C7500AC0B99 /* Release */ = {
			isa = XCBuildConfiguration;
			buildSettings = {
				ALWAYS_EMBED_SWIFT_STANDARD_LIBRARIES = YES;
				BUNDLE_LOADER = "$(TEST_HOST)";
				CODE_SIGN_STYLE = Automatic;
				CURRENT_PROJECT_VERSION = 1;
				GENERATE_INFOPLIST_FILE = YES;
				IPHONEOS_DEPLOYMENT_TARGET = 17.0;
				MARKETING_VERSION = 1.0;
				PRODUCT_BUNDLE_IDENTIFIER = com.felipe.BoraCodaLoginTests;
				PRODUCT_NAME = "$(TARGET_NAME)";
				SWIFT_EMIT_LOC_STRINGS = NO;
				SWIFT_VERSION = 5.0;
				TARGETED_DEVICE_FAMILY = "1,2";
				TEST_HOST = "$(BUILT_PRODUCTS_DIR)/BoraCodaLogin.app/$(BUNDLE_EXECUTABLE_FOLDER_PATH)/BoraCodaLogin";
			};
			name = Release;
		};
		113134A62B017C7500AC0B99 /* Debug */ = {
			isa = XCBuildConfiguration;
			buildSettings = {
				ALWAYS_EMBED_SWIFT_STANDARD_LIBRARIES = YES;
				CODE_SIGN_STYLE = Automatic;
				CURRENT_PROJECT_VERSION = 1;
				GENERATE_INFOPLIST_FILE = YES;
				MARKETING_VERSION = 1.0;
				PRODUCT_BUNDLE_IDENTIFIER = com.felipe.BoraCodaLoginUITests;
				PRODUCT_NAME = "$(TARGET_NAME)";
				SWIFT_EMIT_LOC_STRINGS = NO;
				SWIFT_VERSION = 5.0;
				TARGETED_DEVICE_FAMILY = "1,2";
				TEST_TARGET_NAME = BoraCodaLogin;
			};
			name = Debug;
		};
		113134A72B017C7500AC0B99 /* Release */ = {
			isa = XCBuildConfiguration;
			buildSettings = {
				ALWAYS_EMBED_SWIFT_STANDARD_LIBRARIES = YES;
				CODE_SIGN_STYLE = Automatic;
				CURRENT_PROJECT_VERSION = 1;
				GENERATE_INFOPLIST_FILE = YES;
				MARKETING_VERSION = 1.0;
				PRODUCT_BUNDLE_IDENTIFIER = com.felipe.BoraCodaLoginUITests;
				PRODUCT_NAME = "$(TARGET_NAME)";
				SWIFT_EMIT_LOC_STRINGS = NO;
				SWIFT_VERSION = 5.0;
				TARGETED_DEVICE_FAMILY = "1,2";
				TEST_TARGET_NAME = BoraCodaLogin;
			};
			name = Release;
		};
/* End XCBuildConfiguration section */

/* Begin XCConfigurationList section */
		113134762B017C7200AC0B99 /* Build configuration list for PBXProject "BoraCodaLogin" */ = {
			isa = XCConfigurationList;
			buildConfigurations = (
				1131349D2B017C7500AC0B99 /* Debug */,
				1131349E2B017C7500AC0B99 /* Release */,
			);
			defaultConfigurationIsVisible = 0;
			defaultConfigurationName = Release;
		};
		1131349F2B017C7500AC0B99 /* Build configuration list for PBXNativeTarget "BoraCodaLogin" */ = {
			isa = XCConfigurationList;
			buildConfigurations = (
				113134A02B017C7500AC0B99 /* Debug */,
				113134A12B017C7500AC0B99 /* Release */,
			);
			defaultConfigurationIsVisible = 0;
			defaultConfigurationName = Release;
		};
		113134A22B017C7500AC0B99 /* Build configuration list for PBXNativeTarget "BoraCodaLoginTests" */ = {
			isa = XCConfigurationList;
			buildConfigurations = (
				113134A32B017C7500AC0B99 /* Debug */,
				113134A42B017C7500AC0B99 /* Release */,
			);
			defaultConfigurationIsVisible = 0;
			defaultConfigurationName = Release;
		};
		113134A52B017C7500AC0B99 /* Build configuration list for PBXNativeTarget "BoraCodaLoginUITests" */ = {
			isa = XCConfigurationList;
			buildConfigurations = (
				113134A62B017C7500AC0B99 /* Debug */,
				113134A72B017C7500AC0B99 /* Release */,
			);
			defaultConfigurationIsVisible = 0;
			defaultConfigurationName = Release;
		};
/* End XCConfigurationList section */
	};
	rootObject = 113134732B017C7200AC0B99 /* Project object */;
}
